
Microsoft Visual Studio Solution File, Format Version 12.00
# Visual Studio 2012
Project("{FAE04EC0-301F-11D3-BF4B-00C04F79EFBC}") = "Zaliczenie.Android", "Zaliczenie.Android\Zaliczenie.Android.csproj", "{830E3334-BEBC-4D72-B40C-E69DE01F1237}"
EndProject
Project("{FAE04EC0-301F-11D3-BF4B-00C04F79EFBC}") = "Zaliczenie.iOS", "Zaliczenie.iOS\Zaliczenie.iOS.csproj", "{4623D4C0-ADF0-4A73-BF17-BE8CFF719DDA}"
EndProject
Project("{FAE04EC0-301F-11D3-BF4B-00C04F79EFBC}") = "Zaliczenie", "Zaliczenie\Zaliczenie.csproj", "{23205D70-8FC5-453F-8324-87AC9F3D5BE0}"
EndProject
Global
	GlobalSection(SolutionConfigurationPlatforms) = preSolution
		Debug|Any CPU = Debug|Any CPU
		Release|Any CPU = Release|Any CPU
		Debug|iPhoneSimulator = Debug|iPhoneSimulator
		Release|iPhoneSimulator = Release|iPhoneSimulator
		Debug|iPhone = Debug|iPhone
		Release|iPhone = Release|iPhone
		Ad-Hoc|iPhone = Ad-Hoc|iPhone
		AppStore|iPhone = AppStore|iPhone
	EndGlobalSection
	GlobalSection(ProjectConfigurationPlatforms) = postSolution
		{830E3334-BEBC-4D72-B40C-E69DE01F1237}.Debug|Any CPU.ActiveCfg = Debug|Any CPU
		{830E3334-BEBC-4D72-B40C-E69DE01F1237}.Debug|Any CPU.Build.0 = Debug|Any CPU
		{830E3334-BEBC-4D72-B40C-E69DE01F1237}.Release|Any CPU.ActiveCfg = Release|Any CPU
		{830E3334-BEBC-4D72-B40C-E69DE01F1237}.Release|Any CPU.Build.0 = Release|Any CPU
		{830E3334-BEBC-4D72-B40C-E69DE01F1237}.Debug|iPhoneSimulator.ActiveCfg = Debug|Any CPU
		{830E3334-BEBC-4D72-B40C-E69DE01F1237}.Debug|iPhoneSimulator.Build.0 = Debug|Any CPU
		{830E3334-BEBC-4D72-B40C-E69DE01F1237}.Release|iPhoneSimulator.ActiveCfg = Release|Any CPU
		{830E3334-BEBC-4D72-B40C-E69DE01F1237}.Release|iPhoneSimulator.Build.0 = Release|Any CPU
		{830E3334-BEBC-4D72-B40C-E69DE01F1237}.Debug|iPhone.ActiveCfg = Debug|Any CPU
		{830E3334-BEBC-4D72-B40C-E69DE01F1237}.Debug|iPhone.Build.0 = Debug|Any CPU
		{830E3334-BEBC-4D72-B40C-E69DE01F1237}.Release|iPhone.ActiveCfg = Release|Any CPU
		{830E3334-BEBC-4D72-B40C-E69DE01F1237}.Release|iPhone.Build.0 = Release|Any CPU
		{830E3334-BEBC-4D72-B40C-E69DE01F1237}.Ad-Hoc|iPhone.ActiveCfg = Debug|Any CPU
		{830E3334-BEBC-4D72-B40C-E69DE01F1237}.Ad-Hoc|iPhone.Build.0 = Debug|Any CPU
		{830E3334-BEBC-4D72-B40C-E69DE01F1237}.AppStore|iPhone.ActiveCfg = Debug|Any CPU
		{830E3334-BEBC-4D72-B40C-E69DE01F1237}.AppStore|iPhone.Build.0 = Debug|Any CPU
		{4623D4C0-ADF0-4A73-BF17-BE8CFF719DDA}.Debug|Any CPU.ActiveCfg = Debug|iPhoneSimulator
		{4623D4C0-ADF0-4A73-BF17-BE8CFF719DDA}.Debug|Any CPU.Build.0 = Debug|iPhoneSimulator
		{4623D4C0-ADF0-4A73-BF17-BE8CFF719DDA}.Release|Any CPU.ActiveCfg = Release|iPhoneSimulator
		{4623D4C0-ADF0-4A73-BF17-BE8CFF719DDA}.Release|Any CPU.Build.0 = Release|iPhoneSimulator
		{4623D4C0-ADF0-4A73-BF17-BE8CFF719DDA}.Debug|iPhoneSimulator.ActiveCfg = Debug|iPhoneSimulator
		{4623D4C0-ADF0-4A73-BF17-BE8CFF719DDA}.Debug|iPhoneSimulator.Build.0 = Debug|iPhoneSimulator
		{4623D4C0-ADF0-4A73-BF17-BE8CFF719DDA}.Release|iPhoneSimulator.ActiveCfg = Release|iPhoneSimulator
		{4623D4C0-ADF0-4A73-BF17-BE8CFF719DDA}.Release|iPhoneSimulator.Build.0 = Release|iPhoneSimulator
		{4623D4C0-ADF0-4A73-BF17-BE8CFF719DDA}.Debug|iPhone.ActiveCfg = Debug|iPhone
		{4623D4C0-ADF0-4A73-BF17-BE8CFF719DDA}.Debug|iPhone.Build.0 = Debug|iPhone
		{4623D4C0-ADF0-4A73-BF17-BE8CFF719DDA}.Release|iPhone.ActiveCfg = Release|iPhone
		{4623D4C0-ADF0-4A73-BF17-BE8CFF719DDA}.Release|iPhone.Build.0 = Release|iPhone
		{4623D4C0-ADF0-4A73-BF17-BE8CFF719DDA}.Ad-Hoc|iPhone.ActiveCfg = Ad-Hoc|iPhone
		{4623D4C0-ADF0-4A73-BF17-BE8CFF719DDA}.Ad-Hoc|iPhone.Build.0 = Ad-Hoc|iPhone
		{4623D4C0-ADF0-4A73-BF17-BE8CFF719DDA}.AppStore|iPhone.ActiveCfg = AppStore|iPhone
		{4623D4C0-ADF0-4A73-BF17-BE8CFF719DDA}.AppStore|iPhone.Build.0 = AppStore|iPhone
		{23205D70-8FC5-453F-8324-87AC9F3D5BE0}.Debug|Any CPU.ActiveCfg = Debug|Any CPU
		{23205D70-8FC5-453F-8324-87AC9F3D5BE0}.Debug|Any CPU.Build.0 = Debug|Any CPU
		{23205D70-8FC5-453F-8324-87AC9F3D5BE0}.Release|Any CPU.ActiveCfg = Release|Any CPU
		{23205D70-8FC5-453F-8324-87AC9F3D5BE0}.Release|Any CPU.Build.0 = Release|Any CPU
		{23205D70-8FC5-453F-8324-87AC9F3D5BE0}.Debug|iPhoneSimulator.ActiveCfg = Debug|Any CPU
		{23205D70-8FC5-453F-8324-87AC9F3D5BE0}.Debug|iPhoneSimulator.Build.0 = Debug|Any CPU
		{23205D70-8FC5-453F-8324-87AC9F3D5BE0}.Release|iPhoneSimulator.ActiveCfg = Release|Any CPU
		{23205D70-8FC5-453F-8324-87AC9F3D5BE0}.Release|iPhoneSimulator.Build.0 = Release|Any CPU
		{23205D70-8FC5-453F-8324-87AC9F3D5BE0}.Debug|iPhone.ActiveCfg = Debug|Any CPU
		{23205D70-8FC5-453F-8324-87AC9F3D5BE0}.Debug|iPhone.Build.0 = Debug|Any CPU
		{23205D70-8FC5-453F-8324-87AC9F3D5BE0}.Release|iPhone.ActiveCfg = Release|Any CPU
		{23205D70-8FC5-453F-8324-87AC9F3D5BE0}.Release|iPhone.Build.0 = Release|Any CPU
		{23205D70-8FC5-453F-8324-87AC9F3D5BE0}.Ad-Hoc|iPhone.ActiveCfg = Debug|Any CPU
		{23205D70-8FC5-453F-8324-87AC9F3D5BE0}.Ad-Hoc|iPhone.Build.0 = Debug|Any CPU
		{23205D70-8FC5-453F-8324-87AC9F3D5BE0}.AppStore|iPhone.ActiveCfg = Debug|Any CPU
		{23205D70-8FC5-453F-8324-87AC9F3D5BE0}.AppStore|iPhone.Build.0 = Debug|Any CPU
	EndGlobalSection
EndGlobal
